{
  "version": 4,
  "terraform_version": "1.6.6",
  "serial": 6,
  "lineage": "a92bb303-b346-3f00-1216-8a2b5f6204fd",
  "outputs": {},
  "resources": [
    {
      "mode": "managed",
      "type": "google_container_cluster",
      "name": "production",
      "provider": "provider[\"registry.terraform.io/hashicorp/google\"]",
      "instances": [
        {
          "schema_version": 2,
          "attributes": {
            "addons_config": [
              {
                "cloudrun_config": [],
                "config_connector_config": [],
                "dns_cache_config": [],
                "gce_persistent_disk_csi_driver_config": [
                  {
                    "enabled": true
                  }
                ],
                "gcp_filestore_csi_driver_config": [],
                "gcs_fuse_csi_driver_config": [],
                "gke_backup_agent_config": [],
                "horizontal_pod_autoscaling": [],
                "http_load_balancing": [],
                "network_policy_config": [
                  {
                    "disabled": true
                  }
                ]
              }
            ],
            "allow_net_admin": null,
            "authenticator_groups_config": [],
            "binary_authorization": [
              {
                "enabled": false,
                "evaluation_mode": ""
              }
            ],
            "cluster_autoscaling": [
              {
                "auto_provisioning_defaults": [],
                "autoscaling_profile": "BALANCED",
                "enabled": false,
                "resource_limits": []
              }
            ],
            "cluster_ipv4_cidr": "10.32.0.0/14",
            "confidential_nodes": [],
            "cost_management_config": [],
            "database_encryption": [
              {
                "key_name": "",
                "state": "DECRYPTED"
              }
            ],
            "datapath_provider": "",
            "default_max_pods_per_node": 110,
            "default_snat_status": [
              {
                "disabled": false
              }
            ],
            "deletion_protection": true,
            "description": "",
            "dns_config": [],
            "enable_autopilot": false,
            "enable_intranode_visibility": false,
            "enable_k8s_beta_apis": [],
            "enable_kubernetes_alpha": false,
            "enable_l4_ilb_subsetting": false,
            "enable_legacy_abac": false,
            "enable_shielded_nodes": true,
            "enable_tpu": false,
            "endpoint": "34.74.28.119",
            "fleet": [],
            "gateway_api_config": [],
            "id": "projects/vortexia/locations/us-east1/clusters/vortexia",
            "identity_service_config": [],
            "initial_node_count": 1,
            "ip_allocation_policy": [
              {
                "additional_pod_ranges_config": [],
                "cluster_ipv4_cidr_block": "10.32.0.0/14",
                "cluster_secondary_range_name": "gke-vortexia-pods-d0a06f1b",
                "pod_cidr_overprovision_config": [
                  {
                    "disabled": false
                  }
                ],
                "services_ipv4_cidr_block": "10.36.0.0/20",
                "services_secondary_range_name": "gke-vortexia-services-d0a06f1b",
                "stack_type": "IPV4"
              }
            ],
            "label_fingerprint": "a9dc16a7",
            "location": "us-east1",
            "logging_config": [
              {
                "enable_components": [
                  "SYSTEM_COMPONENTS",
                  "WORKLOADS"
                ]
              }
            ],
            "logging_service": "logging.googleapis.com/kubernetes",
            "maintenance_policy": [],
            "master_auth": [
              {
                "client_certificate": "",
                "client_certificate_config": [
                  {
                    "issue_client_certificate": false
                  }
                ],
                "client_key": "",
                "cluster_ca_certificate": "LS0tLS1CRUdJTiBDRVJUSUZJQ0FURS0tLS0tCk1JSUVMRENDQXBTZ0F3SUJBZ0lRVXAzZ25zdFcvbXNmL1pnZktkM1VvREFOQmdrcWhraUc5dzBCQVFzRkFEQXYKTVMwd0t3WURWUVFERXlRM09XWXlNbVJrTWkxbFltUXlMVFEzTjJJdFlUUmtaUzB3TXpObU5ETTFNREV6TVdVdwpJQmNOTWpNeE1qSTJNakF5TlRJM1doZ1BNakExTXpFeU1UZ3lNVEkxTWpkYU1DOHhMVEFyQmdOVkJBTVRKRGM1ClpqSXlaR1F5TFdWaVpESXRORGMzWWkxaE5HUmxMVEF6TTJZME16VXdNVE14WlRDQ0FhSXdEUVlKS29aSWh2Y04KQVFFQkJRQURnZ0dQQURDQ0FZb0NnZ0dCQVBVSnpsQmhkdlhtY3g3MGJ1Q0xrbVd5d3pJRkxSOXdLSUVJckl0UwpDRGFWNkNLdjd1QWRhR2NMY2k0bEwwZWNpa1Jua3JoU2k3aWwwckhDSjF0bUc1M3ZwdHFNUWtOWWNVdjYzdUcwCi9OWTNXRk5NYldsalROODhtekkyQ0FFNTliODZtNGZBYkt3TXRqTUZzY3Urb0JrbEFhQm16SUFSVFBTSEs4YTgKVXNGMHorRXFac0w0TjJjUWkwS0hPOFRTdXdYNmNKSUZCdGJSbHVIM1lkVjBOb0dZUkhVc0lUNk1jekNheUloLwo5ZDU5em5NN0hhQkRyOTcwaXkxRSs3RkRyZkxxT3NBaG4wMVUyNTZVcW51OW04YWF3Ym1jZkJzc2toUERpQjJVCmdKOHFyS1JKdjRkdjRiakpMVnVhUi9MVnk1bWhKQ3dMNk5hRkxsakRMOVAvRnB4Qmgyei9BSFVsOEt4S2wzZ2sKRjB4SDlTYWgxb0h5a2c2czBOQURsUHJuNjllaEMwZ09xQ2dJeWJRT3FBR2w1V1BaOGNyVkd6bkEwN3gyMGoyVApOckRSMktWWThWdlhqOGhLdFlkZmtRUEdZZ3pCTmdRbUxBOHVZSk9FT3BpclZlSFVRSUx4YXFLbTh2REpRLzdnCkZiTUlvbkRNbVQ3NXZDbk9KTktGQW1Kd0FRSURBUUFCbzBJd1FEQU9CZ05WSFE4QkFmOEVCQU1DQWdRd0R3WUQKVlIwVEFRSC9CQVV3QXdFQi96QWRCZ05WSFE0RUZnUVVRQUdBUVNQSkJrTzlKUERtaEg3dXpmZlV3WjR3RFFZSgpLb1pJaHZjTkFRRUxCUUFEZ2dHQkFCYWhaRHl2N3JWZ005MG1NTEc1RUNuSXFtclFEZFNkU3JNVHk3SFpDZkRxCkwvYlcwNVo4SjFRbUhGWmRWU1lCdldOU2VTM1dCRFlQbjRKMGVJUi9aSXE3dGxMM1BWcTZENDk2MWF6dGJ0ZEkKbENzRnorL1h0K1Q3OExpNlhqd1N2TWVDVEJuNDhtWDNVcnVsTWViY0FtalhKRVZsOFhGOW5mTC9MclpJWGV1bwpnZkhxT3Jzbm9WcVhudCtBckZyYktxUGJFaEFmcHB4WE9uejZQV3dubWRKNXRmTUR1aVNnSWxkdkNkdnpiVUtOCnFpeTBPMWMzenRkekxRM2V3bk9uQmR4M1djQWt5VnhRWXppRVJJT0F0WkYvZHlURmgzaXdqWGRzWEpwMWh1aFQKVGJaeFRzRXNIakc5YzYrRTk1OEFzdW4xb1V1cXIwRUZxUlhUNWtuaHFYSUMza3VXMUZ0VkdIc2oyL0tSMnV6LwpkSlFqUEpYUithc0tTY2JJVkNZNVJhWE0yb0d0bXNmSFllSUVjelZ0V1pXbzcrMVlhcE0rb0U4TWExNUNkUW5aClVqZzNWKzJqMml5cUNnTkVWNDF2dWdBU3ZhZDQ2UWlQSjhwdDV1NVpNYXhqNTVCbHVkQjlqL0lBaUN4N2VReXcKSXFOOHRxQ2pudkU0SlpJcEM2RUZwQT09Ci0tLS0tRU5EIENFUlRJRklDQVRFLS0tLS0K"
              }
            ],
            "master_authorized_networks_config": [],
            "master_version": "1.27.3-gke.100",
            "mesh_certificates": [],
            "min_master_version": null,
            "monitoring_config": [
              {
                "advanced_datapath_observability_config": [
                  {
                    "enable_metrics": false,
                    "relay_mode": ""
                  }
                ],
                "enable_components": [
                  "SYSTEM_COMPONENTS"
                ],
                "managed_prometheus": [
                  {
                    "enabled": true
                  }
                ]
              }
            ],
            "monitoring_service": "monitoring.googleapis.com/kubernetes",
            "name": "vortexia",
            "network": "projects/vortexia/global/networks/default",
            "network_policy": [
              {
                "enabled": false,
                "provider": "PROVIDER_UNSPECIFIED"
              }
            ],
            "networking_mode": "VPC_NATIVE",
            "node_config": [
              {
                "advanced_machine_features": [],
                "boot_disk_kms_key": "",
                "confidential_nodes": [],
                "disk_size_gb": 50,
                "disk_type": "pd-balanced",
                "effective_taints": [],
                "ephemeral_storage_local_ssd_config": [],
                "fast_socket": [],
                "gcfs_config": [],
                "guest_accelerator": [],
                "gvnic": [],
                "host_maintenance_policy": [],
                "image_type": "COS_CONTAINERD",
                "kubelet_config": [],
                "labels": {},
                "linux_node_config": [],
                "local_nvme_ssd_block_config": [],
                "local_ssd_count": 0,
                "logging_variant": "DEFAULT",
                "machine_type": "e2-medium",
                "metadata": {
                  "disable-legacy-endpoints": "true"
                },
                "min_cpu_platform": "",
                "node_group": "",
                "oauth_scopes": [
                  "https://www.googleapis.com/auth/devstorage.read_only",
                  "https://www.googleapis.com/auth/logging.write",
                  "https://www.googleapis.com/auth/monitoring",
                  "https://www.googleapis.com/auth/service.management.readonly",
                  "https://www.googleapis.com/auth/servicecontrol",
                  "https://www.googleapis.com/auth/trace.append"
                ],
                "preemptible": true,
                "reservation_affinity": [],
                "resource_labels": {},
                "service_account": "default",
                "shielded_instance_config": [
                  {
                    "enable_integrity_monitoring": true,
                    "enable_secure_boot": false
                  }
                ],
                "sole_tenant_config": [],
                "spot": false,
                "tags": [],
                "taint": [],
                "workload_metadata_config": []
              }
            ],
            "node_locations": [
              "us-east1-b",
              "us-east1-c",
              "us-east1-d"
            ],
            "node_pool": [
              {
                "autoscaling": [],
                "initial_node_count": 2,
                "instance_group_urls": [
                  "https://www.googleapis.com/compute/v1/projects/vortexia/zones/us-east1-d/instanceGroupManagers/gke-vortexia-workers-d2f0e84b-grp",
                  "https://www.googleapis.com/compute/v1/projects/vortexia/zones/us-east1-b/instanceGroupManagers/gke-vortexia-workers-f8a57c22-grp",
                  "https://www.googleapis.com/compute/v1/projects/vortexia/zones/us-east1-c/instanceGroupManagers/gke-vortexia-workers-3497c48a-grp"
                ],
                "managed_instance_group_urls": [
                  "https://www.googleapis.com/compute/v1/projects/vortexia/zones/us-east1-d/instanceGroups/gke-vortexia-workers-d2f0e84b-grp",
                  "https://www.googleapis.com/compute/v1/projects/vortexia/zones/us-east1-b/instanceGroups/gke-vortexia-workers-f8a57c22-grp",
                  "https://www.googleapis.com/compute/v1/projects/vortexia/zones/us-east1-c/instanceGroups/gke-vortexia-workers-3497c48a-grp"
                ],
                "management": [
                  {
                    "auto_repair": true,
                    "auto_upgrade": true
                  }
                ],
                "max_pods_per_node": 110,
                "name": "workers",
                "name_prefix": "",
                "network_config": [
                  {
                    "create_pod_range": false,
                    "enable_private_nodes": false,
                    "network_performance_config": [],
                    "pod_cidr_overprovision_config": [],
                    "pod_ipv4_cidr_block": "10.32.0.0/14",
                    "pod_range": "gke-vortexia-pods-d0a06f1b"
                  }
                ],
                "node_config": [
                  {
                    "advanced_machine_features": [],
                    "boot_disk_kms_key": "",
                    "confidential_nodes": [],
                    "disk_size_gb": 50,
                    "disk_type": "pd-balanced",
                    "effective_taints": [],
                    "ephemeral_storage_local_ssd_config": [],
                    "fast_socket": [],
                    "gcfs_config": [],
                    "guest_accelerator": [],
                    "gvnic": [],
                    "host_maintenance_policy": [],
                    "image_type": "COS_CONTAINERD",
                    "kubelet_config": [],
                    "labels": {},
                    "linux_node_config": [],
                    "local_nvme_ssd_block_config": [],
                    "local_ssd_count": 0,
                    "logging_variant": "DEFAULT",
                    "machine_type": "e2-medium",
                    "metadata": {
                      "disable-legacy-endpoints": "true"
                    },
                    "min_cpu_platform": "",
                    "node_group": "",
                    "oauth_scopes": [
                      "https://www.googleapis.com/auth/devstorage.read_only",
                      "https://www.googleapis.com/auth/logging.write",
                      "https://www.googleapis.com/auth/monitoring",
                      "https://www.googleapis.com/auth/service.management.readonly",
                      "https://www.googleapis.com/auth/servicecontrol",
                      "https://www.googleapis.com/auth/trace.append"
                    ],
                    "preemptible": true,
                    "reservation_affinity": [],
                    "resource_labels": {},
                    "service_account": "default",
                    "shielded_instance_config": [
                      {
                        "enable_integrity_monitoring": true,
                        "enable_secure_boot": false
                      }
                    ],
                    "sole_tenant_config": [],
                    "spot": false,
                    "tags": [],
                    "taint": [],
                    "workload_metadata_config": []
                  }
                ],
                "node_count": 2,
                "node_locations": [
                  "us-east1-b",
                  "us-east1-c",
                  "us-east1-d"
                ],
                "placement_policy": [],
                "upgrade_settings": [
                  {
                    "blue_green_settings": [],
                    "max_surge": 1,
                    "max_unavailable": 0,
                    "strategy": "SURGE"
                  }
                ],
                "version": "1.27.3-gke.100"
              }
            ],
            "node_pool_auto_config": [],
            "node_pool_defaults": [
              {
                "node_config_defaults": [
                  {
                    "logging_variant": "DEFAULT"
                  }
                ]
              }
            ],
            "node_version": "1.27.3-gke.100",
            "notification_config": [
              {
                "pubsub": [
                  {
                    "enabled": false,
                    "filter": [],
                    "topic": ""
                  }
                ]
              }
            ],
            "operation": null,
            "private_cluster_config": [
              {
                "enable_private_endpoint": false,
                "enable_private_nodes": false,
                "master_global_access_config": [
                  {
                    "enabled": false
                  }
                ],
                "master_ipv4_cidr_block": "",
                "peering_name": "",
                "private_endpoint": "10.142.0.2",
                "private_endpoint_subnetwork": "",
                "public_endpoint": "34.74.28.119"
              }
            ],
            "private_ipv6_google_access": "",
            "project": "vortexia",
            "release_channel": [
              {
                "channel": "REGULAR"
              }
            ],
            "remove_default_node_pool": true,
            "resource_labels": {},
            "resource_usage_export_config": [],
            "security_posture_config": [
              {
                "mode": "BASIC",
                "vulnerability_mode": "VULNERABILITY_MODE_UNSPECIFIED"
              }
            ],
            "self_link": "https://container.googleapis.com/v1/projects/vortexia/locations/us-east1/clusters/vortexia",
            "service_external_ips_config": [
              {
                "enabled": false
              }
            ],
            "services_ipv4_cidr": "10.36.0.0/20",
            "subnetwork": "projects/vortexia/regions/us-east1/subnetworks/default",
            "timeouts": null,
            "tpu_ipv4_cidr_block": "",
            "vertical_pod_autoscaling": [],
            "workload_identity_config": []
          },
          "sensitive_attributes": [],
          "private": "eyJlMmJmYjczMC1lY2FhLTExZTYtOGY4OC0zNDM2M2JjN2M0YzAiOnsiY3JlYXRlIjoyNDAwMDAwMDAwMDAwLCJkZWxldGUiOjI0MDAwMDAwMDAwMDAsInJlYWQiOjI0MDAwMDAwMDAwMDAsInVwZGF0ZSI6MzYwMDAwMDAwMDAwMH0sInNjaGVtYV92ZXJzaW9uIjoiMiJ9"
        }
      ]
    },
    {
      "mode": "managed",
      "type": "google_container_node_pool",
      "name": "primary_preemptible_nodes",
      "provider": "provider[\"registry.terraform.io/hashicorp/google\"]",
      "instances": [
        {
          "schema_version": 1,
          "attributes": {
            "autoscaling": [],
            "cluster": "projects/vortexia/locations/us-east1/clusters/vortexia",
            "id": "projects/vortexia/locations/us-east1/clusters/vortexia/nodePools/workers",
            "initial_node_count": 1,
            "instance_group_urls": [
              "https://www.googleapis.com/compute/v1/projects/vortexia/zones/us-east1-d/instanceGroupManagers/gke-vortexia-workers-d2f0e84b-grp",
              "https://www.googleapis.com/compute/v1/projects/vortexia/zones/us-east1-b/instanceGroupManagers/gke-vortexia-workers-f8a57c22-grp",
              "https://www.googleapis.com/compute/v1/projects/vortexia/zones/us-east1-c/instanceGroupManagers/gke-vortexia-workers-3497c48a-grp"
            ],
            "location": "us-east1",
            "managed_instance_group_urls": [
              "https://www.googleapis.com/compute/v1/projects/vortexia/zones/us-east1-d/instanceGroups/gke-vortexia-workers-d2f0e84b-grp",
              "https://www.googleapis.com/compute/v1/projects/vortexia/zones/us-east1-b/instanceGroups/gke-vortexia-workers-f8a57c22-grp",
              "https://www.googleapis.com/compute/v1/projects/vortexia/zones/us-east1-c/instanceGroups/gke-vortexia-workers-3497c48a-grp"
            ],
            "management": [
              {
                "auto_repair": true,
                "auto_upgrade": true
              }
            ],
            "max_pods_per_node": 110,
            "name": "workers",
            "name_prefix": "",
            "network_config": [
              {
                "create_pod_range": false,
                "enable_private_nodes": false,
                "network_performance_config": [],
                "pod_cidr_overprovision_config": [],
                "pod_ipv4_cidr_block": "10.32.0.0/14",
                "pod_range": "gke-vortexia-pods-d0a06f1b"
              }
            ],
            "node_config": [
              {
                "advanced_machine_features": [],
                "boot_disk_kms_key": "",
                "confidential_nodes": [],
                "disk_size_gb": 50,
                "disk_type": "pd-balanced",
                "effective_taints": [],
                "ephemeral_storage_local_ssd_config": [],
                "fast_socket": [],
                "gcfs_config": [],
                "guest_accelerator": [],
                "gvnic": [],
                "host_maintenance_policy": [],
                "image_type": "COS_CONTAINERD",
                "kubelet_config": [],
                "labels": {},
                "linux_node_config": [],
                "local_nvme_ssd_block_config": [],
                "local_ssd_count": 0,
                "logging_variant": "DEFAULT",
                "machine_type": "e2-medium",
                "metadata": {
                  "disable-legacy-endpoints": "true"
                },
                "min_cpu_platform": "",
                "node_group": "",
                "oauth_scopes": [
                  "https://www.googleapis.com/auth/devstorage.read_only",
                  "https://www.googleapis.com/auth/logging.write",
                  "https://www.googleapis.com/auth/monitoring",
                  "https://www.googleapis.com/auth/service.management.readonly",
                  "https://www.googleapis.com/auth/servicecontrol",
                  "https://www.googleapis.com/auth/trace.append"
                ],
                "preemptible": true,
                "reservation_affinity": [],
                "resource_labels": {},
                "service_account": "default",
                "shielded_instance_config": [
                  {
                    "enable_integrity_monitoring": true,
                    "enable_secure_boot": false
                  }
                ],
                "sole_tenant_config": [],
                "spot": false,
                "tags": [],
                "taint": [],
                "workload_metadata_config": []
              }
            ],
            "node_count": 1,
            "node_locations": [
              "us-east1-b",
              "us-east1-c",
              "us-east1-d"
            ],
            "operation": null,
            "placement_policy": [],
            "project": "vortexia",
            "timeouts": null,
            "upgrade_settings": [
              {
                "blue_green_settings": [],
                "max_surge": 1,
                "max_unavailable": 0,
                "strategy": "SURGE"
              }
            ],
            "version": "1.27.3-gke.100"
          },
          "sensitive_attributes": [],
          "private": "eyJlMmJmYjczMC1lY2FhLTExZTYtOGY4OC0zNDM2M2JjN2M0YzAiOnsiY3JlYXRlIjoxODAwMDAwMDAwMDAwLCJkZWxldGUiOjE4MDAwMDAwMDAwMDAsInVwZGF0ZSI6MTgwMDAwMDAwMDAwMH0sInNjaGVtYV92ZXJzaW9uIjoiMSJ9",
          "dependencies": [
            "google_container_cluster.production"
          ]
        }
      ]
    }
  ],
  "check_results": null
}
